
Microsoft Visual Studio Solution File, Format Version 12.00
# Visual Studio Version 16
VisualStudioVersion = 16.0.31005.135
MinimumVisualStudioVersion = 10.0.40219.1
Project("{FAE04EC0-301F-11D3-BF4B-00C04F79EFBC}") = "RegistrationMvc", "RegistrationMvc.csproj", "{1E92D28B-0BAE-4AFC-8E7F-0B203E97D2C6}"
EndProject
Global
	GlobalSection(SolutionConfigurationPlatforms) = preSolution
		Debug|Any CPU = Debug|Any CPU
		Release|Any CPU = Release|Any CPU
	EndGlobalSection
	GlobalSection(ProjectConfigurationPlatforms) = postSolution
		{1E92D28B-0BAE-4AFC-8E7F-0B203E97D2C6}.Debug|Any CPU.ActiveCfg = Debug|Any CPU
		{1E92D28B-0BAE-4AFC-8E7F-0B203E97D2C6}.Debug|Any CPU.Build.0 = Debug|Any CPU
		{1E92D28B-0BAE-4AFC-8E7F-0B203E97D2C6}.Release|Any CPU.ActiveCfg = Release|Any CPU
		{1E92D28B-0BAE-4AFC-8E7F-0B203E97D2C6}.Release|Any CPU.Build.0 = Release|Any CPU
	EndGlobalSection
	GlobalSection(SolutionProperties) = preSolution
		HideSolutionNode = FALSE
	EndGlobalSection
	GlobalSection(ExtensibilityGlobals) = postSolution
		SolutionGuid = {C7A2E622-DC2F-40FB-A938-73A5F86EE371}
	EndGlobalSection
EndGlobal
